# Generated by buf. DO NOT EDIT.
version: v2
deps:
  - name: buf.build/bufbuild/protovalidate
    commit: 5a7b106cbb87462d9a8c9ffecdbd2e38
    digest: b5:0f2dc6c9453e9cc9e9f36807aaa5f94022e837d91fef4dcaeed79a35c0843cc64eba28ff077aab24da3b2cb12639ad256246f9f9a36c033b99d5754b19996b7e
  - name: buf.build/googleapis/googleapis
    commit: cc916c31859748a68fd229a3c8d7a2e8
    digest: b5:3b4e241d18fbebc6b30ff28968527af2cdd618026930d2a9666bbad2868b1aa164d20229477464691bdfd053a77b5c727468039bd1d2b550cb4151ee4c1499fe
