{
  "name": "flowstate-claude-cli-ci",
  "lockfileVersion": 3,
  "requires": true,
  "packages": {
    "": {
      "name": "flowstate-claude-cli-ci",
      "dependencies": {
        "@anthropic-ai/claude-code": "2.1.295"
      }
    },
    "node_modules/@anthropic-ai/claude-code": {
      "version": "2.1.295",
      "resolved": "https://registry.npmjs.org/@anthropic-ai/claude-code/-/claude-code-2.1.295.tgz",
      "integrity": "sha512-PTdE5NdqwwyCmtbX/0WAuosyip8DkwC6M5mAJv+b9KGuxMFnkTJbc2b3EY6FYdo5ZTWkm6MN8reA9YWWMrLR+g==",
      "hasInstallScript": true,
      "license": "SEE LICENSE IN README.md",
      "bin": {
        "claude": "bin/claude.exe"
      },
      "engines": {
        "node": ">=22.0.0"
      },
      "optionalDependencies": {
        "@anthropic-ai/claude-code-darwin-arm64": "2.1.295",
        "@anthropic-ai/claude-code-darwin-x64": "2.1.295",
        "@anthropic-ai/claude-code-linux-arm64": "2.1.295",
        "@anthropic-ai/claude-code-linux-arm64-musl": "2.1.295",
        "@anthropic-ai/claude-code-linux-x64": "2.1.295",
        "@anthropic-ai/claude-code-linux-x64-musl": "2.1.295",
        "@anthropic-ai/claude-code-win32-arm64": "2.1.295",
        "@anthropic-ai/claude-code-win32-x64": "2.1.295"
      }
    },
    "node_modules/@anthropic-ai/claude-code-darwin-arm64": {
      "version": "2.1.295",
      "resolved": "https://registry.npmjs.org/@anthropic-ai/claude-code-darwin-arm64/-/claude-code-darwin-arm64-2.1.295.tgz",
      "integrity": "sha512-qGetxxeqaqHR7Ev5AfTFfYuze0S99d27DV2IuFfjXigY9CKkLUy2jf3cCXjt8y4BAlGyNrqwKmIdrCjwtjAe8g==",
      "cpu": [
        "arm64"
      ],
      "license": "SEE LICENSE IN LICENSE.md",
      "optional": true,
      "os": [
        "darwin"
      ]
    },
    "node_modules/@anthropic-ai/claude-code-darwin-x64": {
      "version": "2.1.295",
      "resolved": "https://registry.npmjs.org/@anthropic-ai/claude-code-darwin-x64/-/claude-code-darwin-x64-2.1.295.tgz",
      "integrity": "sha512-tmxIaD+X7GRatzp6yrgB3Gwg9zRmBdZOMf1imwLrISco2eiCBQbillVg5t//xO3F6tpRx/wsYXq/6CmeZx3HgQ==",
      "cpu": [
        "x64"
      ],
      "license": "SEE LICENSE IN LICENSE.md",
      "optional": true,
      "os": [
        "darwin"
      ]
    },
    "node_modules/@anthropic-ai/claude-code-linux-arm64": {
      "version": "2.1.295",
      "resolved": "https://registry.npmjs.org/@anthropic-ai/claude-code-linux-arm64/-/claude-code-linux-arm64-2.1.295.tgz",
      "integrity": "sha512-JgQigCZCbsTnJQMLBjzeIpx001jlw+QlSR08SsAW7p0hjUR73DczX4NpO2lq/+RPm8w48KhM8DxJqhUmAMV5+Q==",
      "cpu": [
        "arm64"
      ],
      "license": "SEE LICENSE IN LICENSE.md",
      "optional": true,
      "os": [
        "linux"
      ]
    },
    "node_modules/@anthropic-ai/claude-code-linux-arm64-musl": {
      "version": "2.1.295",
      "resolved": "https://registry.npmjs.org/@anthropic-ai/claude-code-linux-arm64-musl/-/claude-code-linux-arm64-musl-2.1.295.tgz",
      "integrity": "sha512-ao8kyoHS+XXIu6QieUthb5VilbkEtbCBEzbam97fWF/67vzZrogJX/RiJMhLZbrKX9L5avo7sh+eK6k85BDPlA==",
      "cpu": [
        "arm64"
      ],
      "license": "SEE LICENSE IN LICENSE.md",
      "optional": true,
      "os": [
        "linux"
      ]
    },
    "node_modules/@anthropic-ai/claude-code-linux-x64": {
      "version": "2.1.295",
      "resolved": "https://registry.npmjs.org/@anthropic-ai/claude-code-linux-x64/-/claude-code-linux-x64-2.1.295.tgz",
      "integrity": "sha512-nC9RZ6ZArEavyAiFdEtGK6/XPhjfE79tP2tCh+PjmRUxSO/6W3IuXv/rmo8c6u2UzHyvgKodRj1z6UcBGlbnyA==",
      "cpu": [
        "x64"
      ],
      "license": "SEE LICENSE IN LICENSE.md",
      "optional": true,
      "os": [
        "linux"
      ]
    },
    "node_modules/@anthropic-ai/claude-code-linux-x64-musl": {
      "version": "2.1.295",
      "resolved": "https://registry.npmjs.org/@anthropic-ai/claude-code-linux-x64-musl/-/claude-code-linux-x64-musl-2.1.295.tgz",
      "integrity": "sha512-S/cMn4k8uzumMYMPATbx0i14ooSi8cLFr/WMyfFKQc8H/FRMhaZ4rWCmBJnttWP2s93YiU5KsAifYf3324DtFg==",
      "cpu": [
        "x64"
      ],
      "license": "SEE LICENSE IN LICENSE.md",
      "optional": true,
      "os": [
        "linux"
      ]
    },
    "node_modules/@anthropic-ai/claude-code-win32-arm64": {
      "version": "2.1.295",
      "resolved": "https://registry.npmjs.org/@anthropic-ai/claude-code-win32-arm64/-/claude-code-win32-arm64-2.1.295.tgz",
      "integrity": "sha512-DOc5gff2KqGH+VPqs7J7D7iurRI0/V2OX8aIZN33bS0lOgU5IuYmWjEDoD9yFQRlOC2ebuD9ks00cYU+yI6/xQ==",
      "cpu": [
        "arm64"
      ],
      "license": "SEE LICENSE IN LICENSE.md",
      "optional": true,
      "os": [
        "win32"
      ]
    },
    "node_modules/@anthropic-ai/claude-code-win32-x64": {
      "version": "2.1.295",
      "resolved": "https://registry.npmjs.org/@anthropic-ai/claude-code-win32-x64/-/claude-code-win32-x64-2.1.295.tgz",
      "integrity": "sha512-absbtyFKyhebVBSilCIj/JXVERLjXDAo4ID3nVRwNb52HCXfjd+g+b1THrq6NCNXCVcrpC+skkNfBqqy0N726A==",
      "cpu": [
        "x64"
      ],
      "license": "SEE LICENSE IN LICENSE.md",
      "optional": true,
      "os": [
        "win32"
      ]
    }
  }
}
